{
	"name": "@doctormckay/foldersync",
	"version": "1.0.0",
	"lockfileVersion": 1,
	"requires": true,
	"dependencies": {
		"@doctormckay/stdlib": {
			"version": "1.14.0",
			"resolved": "https://registry.npmjs.org/@doctormckay/stdlib/-/stdlib-1.14.0.tgz",
			"integrity": "sha512-Yh3RJ8xFEmSaEvb8YWoDwKc3+48oqlourdURzZdDNnU/b86mCEPrv6INGgfor2XgOtsnJqYPK06bIuZK8Q+51A=="
		},
		"fswin": {
			"version": "3.21.107",
			"resolved": "https://registry.npmjs.org/fswin/-/fswin-3.21.107.tgz",
			"integrity": "sha512-soKM5UyaZcsdCr3tlJXYTVPgpSMD28uJKFI5izxgLzBZe4z1Vh8/6on7I1Wv9CrBBerJXSTeTwr0RW+GRhu72Q=="
		},
		"winattr": {
			"version": "3.0.0",
			"resolved": "https://registry.npmjs.org/winattr/-/winattr-3.0.0.tgz",
			"integrity": "sha512-dt33rYsTYcGbB+I1ubB6ZLODibRSCW//TgY/SuajLllR9kHnHnbUMqnXIe0osYsXUdRLGs770zb3t9z/ScGUpw==",
			"requires": {
				"fswin": "^3.18.918"
			}
		}
	}
}
